
Microsoft Visual Studio Solution File, Format Version 12.00
Project("{FAE04EC0-301F-11D3-BF4B-00C04F79EFBC}") = "TopDeck", "TopDeck\TopDeck\TopDeck.csproj", "{2BDB484C-69EE-4E2B-B180-C6246174BCBF}"
EndProject
Project("{FAE04EC0-301F-11D3-BF4B-00C04F79EFBC}") = "TopDeck.Client", "TopDeck\TopDeck.Client\TopDeck.Client.csproj", "{F5EBC786-8D4B-47FE-AF21-0AD5668F32AE}"
EndProject
Project("{FAE04EC0-301F-11D3-BF4B-00C04F79EFBC}") = "TopDeck.Shared", "TopDeck\TopDeck.Shared\TopDeck.Shared.csproj", "{633A2829-A5A1-42CF-B55E-BDC0C3763369}"
EndProject
Project("{2150E333-8FDC-42A3-9474-1A3956D46DE8}") = "TopDeck", "TopDeck", "{281E88F7-0C48-4CFE-B482-E91BA67FE7D4}"
EndProject
Project("{FAE04EC0-301F-11D3-BF4B-00C04F79EFBC}") = "TopDeck.Api", "TopDeck\TopDeck.Api\TopDeck.Api.csproj", "{4CF0ECBC-BD14-4D18-8FD2-57182687A444}"
EndProject
Project("{FAE04EC0-301F-11D3-BF4B-00C04F79EFBC}") = "TopDeck.Contracts", "TopDeck\TopDeck.Contracts\TopDeck.Contracts.csproj", "{D6174AFA-D428-403E-82AF-8F3D851F5124}"
EndProject
Global
	GlobalSection(SolutionConfigurationPlatforms) = preSolution
		Debug|Any CPU = Debug|Any CPU
		Release|Any CPU = Release|Any CPU
	EndGlobalSection
	GlobalSection(ProjectConfigurationPlatforms) = postSolution
		{2BDB484C-69EE-4E2B-B180-C6246174BCBF}.Debug|Any CPU.ActiveCfg = Debug|Any CPU
		{2BDB484C-69EE-4E2B-B180-C6246174BCBF}.Debug|Any CPU.Build.0 = Debug|Any CPU
		{2BDB484C-69EE-4E2B-B180-C6246174BCBF}.Release|Any CPU.ActiveCfg = Release|Any CPU
		{2BDB484C-69EE-4E2B-B180-C6246174BCBF}.Release|Any CPU.Build.0 = Release|Any CPU
		{F5EBC786-8D4B-47FE-AF21-0AD5668F32AE}.Debug|Any CPU.ActiveCfg = Debug|Any CPU
		{F5EBC786-8D4B-47FE-AF21-0AD5668F32AE}.Debug|Any CPU.Build.0 = Debug|Any CPU
		{F5EBC786-8D4B-47FE-AF21-0AD5668F32AE}.Release|Any CPU.ActiveCfg = Release|Any CPU
		{F5EBC786-8D4B-47FE-AF21-0AD5668F32AE}.Release|Any CPU.Build.0 = Release|Any CPU
		{633A2829-A5A1-42CF-B55E-BDC0C3763369}.Debug|Any CPU.ActiveCfg = Debug|Any CPU
		{633A2829-A5A1-42CF-B55E-BDC0C3763369}.Debug|Any CPU.Build.0 = Debug|Any CPU
		{633A2829-A5A1-42CF-B55E-BDC0C3763369}.Release|Any CPU.ActiveCfg = Release|Any CPU
		{633A2829-A5A1-42CF-B55E-BDC0C3763369}.Release|Any CPU.Build.0 = Release|Any CPU
		{4CF0ECBC-BD14-4D18-8FD2-57182687A444}.Debug|Any CPU.ActiveCfg = Debug|Any CPU
		{4CF0ECBC-BD14-4D18-8FD2-57182687A444}.Debug|Any CPU.Build.0 = Debug|Any CPU
		{4CF0ECBC-BD14-4D18-8FD2-57182687A444}.Release|Any CPU.ActiveCfg = Release|Any CPU
		{4CF0ECBC-BD14-4D18-8FD2-57182687A444}.Release|Any CPU.Build.0 = Release|Any CPU
		{D6174AFA-D428-403E-82AF-8F3D851F5124}.Debug|Any CPU.ActiveCfg = Debug|Any CPU
		{D6174AFA-D428-403E-82AF-8F3D851F5124}.Debug|Any CPU.Build.0 = Debug|Any CPU
		{D6174AFA-D428-403E-82AF-8F3D851F5124}.Release|Any CPU.ActiveCfg = Release|Any CPU
		{D6174AFA-D428-403E-82AF-8F3D851F5124}.Release|Any CPU.Build.0 = Release|Any CPU
	EndGlobalSection
	GlobalSection(NestedProjects) = preSolution
		{2BDB484C-69EE-4E2B-B180-C6246174BCBF} = {281E88F7-0C48-4CFE-B482-E91BA67FE7D4}
		{F5EBC786-8D4B-47FE-AF21-0AD5668F32AE} = {281E88F7-0C48-4CFE-B482-E91BA67FE7D4}
		{633A2829-A5A1-42CF-B55E-BDC0C3763369} = {281E88F7-0C48-4CFE-B482-E91BA67FE7D4}
		{4CF0ECBC-BD14-4D18-8FD2-57182687A444} = {281E88F7-0C48-4CFE-B482-E91BA67FE7D4}
		{D6174AFA-D428-403E-82AF-8F3D851F5124} = {281E88F7-0C48-4CFE-B482-E91BA67FE7D4}
	EndGlobalSection
EndGlobal
